
Microsoft Visual Studio Solution File, Format Version 12.00
# Visual Studio Version 17
VisualStudioVersion = 17.14.36121.58 d17.14
MinimumVisualStudioVersion = 10.0.40219.1
Project("{FAE04EC0-301F-11D3-BF4B-00C04F79EFBC}") = "PixelDirft_Server", "PixelDirft_Server.csproj", "{15E4152A-D02E-49E6-98A0-AAEF496BED49}"
EndProject
Global
	GlobalSection(SolutionConfigurationPlatforms) = preSolution
		Debug|Any CPU = Debug|Any CPU
		Release|Any CPU = Release|Any CPU
	EndGlobalSection
	GlobalSection(ProjectConfigurationPlatforms) = postSolution
		{15E4152A-D02E-49E6-98A0-AAEF496BED49}.Debug|Any CPU.ActiveCfg = Debug|Any CPU
		{15E4152A-D02E-49E6-98A0-AAEF496BED49}.Debug|Any CPU.Build.0 = Debug|Any CPU
		{15E4152A-D02E-49E6-98A0-AAEF496BED49}.Release|Any CPU.ActiveCfg = Release|Any CPU
		{15E4152A-D02E-49E6-98A0-AAEF496BED49}.Release|Any CPU.Build.0 = Release|Any CPU
	EndGlobalSection
	GlobalSection(SolutionProperties) = preSolution
		HideSolutionNode = FALSE
	EndGlobalSection
	GlobalSection(ExtensibilityGlobals) = postSolution
		SolutionGuid = {091700D4-1B64-43C6-9460-B4374D5FBCD5}
	EndGlobalSection
EndGlobal
